// !$*UTF8*$!
{
	archiveVersion = 1;
	classes = {
	};
	objectVersion = 56;
	objects = {

/* Begin PBXBuildFile section */
		FE7D2D402CE4F77A00962D8E /* AppDelegate.swift in Sources */ = {isa = PBXBuildFile; fileRef = FE7D2D3F2CE4F77A00962D8E /* AppDelegate.swift */; };
		FE7D2D422CE4F77A00962D8E /* SceneDelegate.swift in Sources */ = {isa = PBXBuildFile; fileRef = FE7D2D412CE4F77A00962D8E /* SceneDelegate.swift */; };
		FE7D2D442CE4F77A00962D8E /* HomePageViewController.swift in Sources */ = {isa = PBXBuildFile; fileRef = FE7D2D432CE4F77A00962D8E /* HomePageViewController.swift */; };
		FE7D2D472CE4F77A00962D8E /* Base in Resources */ = {isa = PBXBuildFile; fileRef = FE7D2D462CE4F77A00962D8E /* Base */; };
		FE7D2D492CE4F78000962D8E /* Assets.xcassets in Resources */ = {isa = PBXBuildFile; fileRef = FE7D2D482CE4F78000962D8E /* Assets.xcassets */; };
		FE7D2D4C2CE4F78000962D8E /* Base in Resources */ = {isa = PBXBuildFile; fileRef = FE7D2D4B2CE4F78000962D8E /* Base */; };
		FE7D2D542CE51E0E00962D8E /* WishCardsViewController.swift in Sources */ = {isa = PBXBuildFile; fileRef = FE7D2D532CE51E0E00962D8E /* WishCardsViewController.swift */; };
		FE7D2D562CE51E5F00962D8E /* CardConstructorViewController.swift in Sources */ = {isa = PBXBuildFile; fileRef = FE7D2D552CE51E5F00962D8E /* CardConstructorViewController.swift */; };
		FE7D2D582CE527FC00962D8E /* WishCardCell.swift in Sources */ = {isa = PBXBuildFile; fileRef = FE7D2D572CE527FC00962D8E /* WishCardCell.swift */; };
		FEE556BD2CE5567C00CF27E5 /* AnimalModel.swift in Sources */ = {isa = PBXBuildFile; fileRef = FEE556BC2CE5567C00CF27E5 /* AnimalModel.swift */; };
/* End PBXBuildFile section */

/* Begin PBXFileReference section */
		FE7D2D3C2CE4F77A00962D8E /* WishCardMaker.app */ = {isa = PBXFileReference; explicitFileType = wrapper.application; includeInIndex = 0; path = WishCardMaker.app; sourceTree = BUILT_PRODUCTS_DIR; };
		FE7D2D3F2CE4F77A00962D8E /* AppDelegate.swift */ = {isa = PBXFileReference; lastKnownFileType = sourcecode.swift; path = AppDelegate.swift; sourceTree = "<group>"; };
		FE7D2D412CE4F77A00962D8E /* SceneDelegate.swift */ = {isa = PBXFileReference; lastKnownFileType = sourcecode.swift; path = SceneDelegate.swift; sourceTree = "<group>"; };
		FE7D2D432CE4F77A00962D8E /* HomePageViewController.swift */ = {isa = PBXFileReference; lastKnownFileType = sourcecode.swift; path = HomePageViewController.swift; sourceTree = "<group>"; };
		FE7D2D462CE4F77A00962D8E /* Base */ = {isa = PBXFileReference; lastKnownFileType = file.storyboard; name = Base; path = Base.lproj/Main.storyboard; sourceTree = "<group>"; };
		FE7D2D482CE4F78000962D8E /* Assets.xcassets */ = {isa = PBXFileReference; lastKnownFileType = folder.assetcatalog; path = Assets.xcassets; sourceTree = "<group>"; };
		FE7D2D4B2CE4F78000962D8E /* Base */ = {isa = PBXFileReference; lastKnownFileType = file.storyboard; name = Base; path = Base.lproj/LaunchScreen.storyboard; sourceTree = "<group>"; };
		FE7D2D4D2CE4F78000962D8E /* Info.plist */ = {isa = PBXFileReference; lastKnownFileType = text.plist.xml; path = Info.plist; sourceTree = "<group>"; };
		FE7D2D532CE51E0E00962D8E /* WishCardsViewController.swift */ = {isa = PBXFileReference; lastKnownFileType = sourcecode.swift; path = WishCardsViewController.swift; sourceTree = "<group>"; };
		FE7D2D552CE51E5F00962D8E /* CardConstructorViewController.swift */ = {isa = PBXFileReference; lastKnownFileType = sourcecode.swift; path = CardConstructorViewController.swift; sourceTree = "<group>"; };
		FE7D2D572CE527FC00962D8E /* WishCardCell.swift */ = {isa = PBXFileReference; lastKnownFileType = sourcecode.swift; path = WishCardCell.swift; sourceTree = "<group>"; };
		FEE556BC2CE5567C00CF27E5 /* AnimalModel.swift */ = {isa = PBXFileReference; lastKnownFileType = sourcecode.swift; path = AnimalModel.swift; sourceTree = "<group>"; };
/* End PBXFileReference section */

/* Begin PBXFrameworksBuildPhase section */
		FE7D2D392CE4F77A00962D8E /* Frameworks */ = {
			isa = PBXFrameworksBuildPhase;
			buildActionMask = 2147483647;
			files = (
			);
			runOnlyForDeploymentPostprocessing = 0;
		};
/* End PBXFrameworksBuildPhase section */

/* Begin PBXGroup section */
		FE7D2D332CE4F77A00962D8E = {
			isa = PBXGroup;
			children = (
				FE7D2D3E2CE4F77A00962D8E /* WishCardMaker */,
				FE7D2D3D2CE4F77A00962D8E /* Products */,
			);
			sourceTree = "<group>";
		};
		FE7D2D3D2CE4F77A00962D8E /* Products */ = {
			isa = PBXGroup;
			children = (
				FE7D2D3C2CE4F77A00962D8E /* WishCardMaker.app */,
			);
			name = Products;
			sourceTree = "<group>";
		};
		FE7D2D3E2CE4F77A00962D8E /* WishCardMaker */ = {
			isa = PBXGroup;
			children = (
				FEE556BB2CE555E300CF27E5 /* Resources */,
				FEE556BA2CE555D600CF27E5 /* Models */,
				FEE556B92CE5559100CF27E5 /* WishCards */,
				FE7D2D3F2CE4F77A00962D8E /* AppDelegate.swift */,
				FE7D2D412CE4F77A00962D8E /* SceneDelegate.swift */,
				FE7D2D432CE4F77A00962D8E /* HomePageViewController.swift */,
				FE7D2D452CE4F77A00962D8E /* Main.storyboard */,
				FE7D2D4A2CE4F78000962D8E /* LaunchScreen.storyboard */,
				FE7D2D552CE51E5F00962D8E /* CardConstructorViewController.swift */,
			);
			path = WishCardMaker;
			sourceTree = "<group>";
		};
		FEE556B92CE5559100CF27E5 /* WishCards */ = {
			isa = PBXGroup;
			children = (
				FE7D2D532CE51E0E00962D8E /* WishCardsViewController.swift */,
				FE7D2D572CE527FC00962D8E /* WishCardCell.swift */,
			);
			path = WishCards;
			sourceTree = "<group>";
		};
		FEE556BA2CE555D600CF27E5 /* Models */ = {
			isa = PBXGroup;
			children = (
				FEE556BC2CE5567C00CF27E5 /* AnimalModel.swift */,
			);
			path = Models;
			sourceTree = "<group>";
		};
		FEE556BB2CE555E300CF27E5 /* Resources */ = {
			isa = PBXGroup;
			children = (
				FE7D2D4D2CE4F78000962D8E /* Info.plist */,
				FE7D2D482CE4F78000962D8E /* Assets.xcassets */,
			);
			path = Resources;
			sourceTree = "<group>";
		};
/* End PBXGroup section */

/* Begin PBXNativeTarget section */
		FE7D2D3B2CE4F77A00962D8E /* WishCardMaker */ = {
			isa = PBXNativeTarget;
			buildConfigurationList = FE7D2D502CE4F78000962D8E /* Build configuration list for PBXNativeTarget "WishCardMaker" */;
			buildPhases = (
				FE7D2D382CE4F77A00962D8E /* Sources */,
				FE7D2D392CE4F77A00962D8E /* Frameworks */,
				FE7D2D3A2CE4F77A00962D8E /* Resources */,
			);
			buildRules = (
			);
			dependencies = (
			);
			name = WishCardMaker;
			productName = WishCardMaker;
			productReference = FE7D2D3C2CE4F77A00962D8E /* WishCardMaker.app */;
			productType = "com.apple.product-type.application";
		};
/* End PBXNativeTarget section */

/* Begin PBXProject section */
		FE7D2D342CE4F77A00962D8E /* Project object */ = {
			isa = PBXProject;
			attributes = {
				BuildIndependentTargetsInParallel = 1;
				LastSwiftUpdateCheck = 1540;
				LastUpgradeCheck = 1540;
				TargetAttributes = {
					FE7D2D3B2CE4F77A00962D8E = {
						CreatedOnToolsVersion = 15.4;
					};
				};
			};
			buildConfigurationList = FE7D2D372CE4F77A00962D8E /* Build configuration list for PBXProject "WishCardMaker" */;
			compatibilityVersion = "Xcode 14.0";
			developmentRegion = en;
			hasScannedForEncodings = 0;
			knownRegions = (
				en,
				Base,
			);
			mainGroup = FE7D2D332CE4F77A00962D8E;
			productRefGroup = FE7D2D3D2CE4F77A00962D8E /* Products */;
			projectDirPath = "";
			projectRoot = "";
			targets = (
				FE7D2D3B2CE4F77A00962D8E /* WishCardMaker */,
			);
		};
/* End PBXProject section */

/* Begin PBXResourcesBuildPhase section */
		FE7D2D3A2CE4F77A00962D8E /* Resources */ = {
			isa = PBXResourcesBuildPhase;
			buildActionMask = 2147483647;
			files = (
				FE7D2D492CE4F78000962D8E /* Assets.xcassets in Resources */,
				FE7D2D4C2CE4F78000962D8E /* Base in Resources */,
				FE7D2D472CE4F77A00962D8E /* Base in Resources */,
			);
			runOnlyForDeploymentPostprocessing = 0;
		};
/* End PBXResourcesBuildPhase section */

/* Begin PBXSourcesBuildPhase section */
		FE7D2D382CE4F77A00962D8E /* Sources */ = {
			isa = PBXSourcesBuildPhase;
			buildActionMask = 2147483647;
			files = (
				FE7D2D582CE527FC00962D8E /* WishCardCell.swift in Sources */,
				FE7D2D442CE4F77A00962D8E /* HomePageViewController.swift in Sources */,
				FE7D2D402CE4F77A00962D8E /* AppDelegate.swift in Sources */,
				FE7D2D422CE4F77A00962D8E /* SceneDelegate.swift in Sources */,
				FE7D2D542CE51E0E00962D8E /* WishCardsViewController.swift in Sources */,
				FE7D2D562CE51E5F00962D8E /* CardConstructorViewController.swift in Sources */,
				FEE556BD2CE5567C00CF27E5 /* AnimalModel.swift in Sources */,
			);
			runOnlyForDeploymentPostprocessing = 0;
		};
/* End PBXSourcesBuildPhase section */

/* Begin PBXVariantGroup section */
		FE7D2D452CE4F77A00962D8E /* Main.storyboard */ = {
			isa = PBXVariantGroup;
			children = (
				FE7D2D462CE4F77A00962D8E /* Base */,
			);
			name = Main.storyboard;
			sourceTree = "<group>";
		};
		FE7D2D4A2CE4F78000962D8E /* LaunchScreen.storyboard */ = {
			isa = PBXVariantGroup;
			children = (
				FE7D2D4B2CE4F78000962D8E /* Base */,
			);
			name = LaunchScreen.storyboard;
			sourceTree = "<group>";
		};
/* End PBXVariantGroup section */

/* Begin XCBuildConfiguration section */
		FE7D2D4E2CE4F78000962D8E /* Debug */ = {
			isa = XCBuildConfiguration;
			buildSettings = {
				ALWAYS_SEARCH_USER_PATHS = NO;
				ASSETCATALOG_COMPILER_GENERATE_SWIFT_ASSET_SYMBOL_EXTENSIONS = YES;
				CLANG_ANALYZER_NONNULL = YES;
				CLANG_ANALYZER_NUMBER_OBJECT_CONVERSION = YES_AGGRESSIVE;
				CLANG_CXX_LANGUAGE_STANDARD = "gnu++20";
				CLANG_ENABLE_MODULES = YES;
				CLANG_ENABLE_OBJC_ARC = YES;
				CLANG_ENABLE_OBJC_WEAK = YES;
				CLANG_WARN_BLOCK_CAPTURE_AUTORELEASING = YES;
				CLANG_WARN_BOOL_CONVERSION = YES;
				CLANG_WARN_COMMA = YES;
				CLANG_WARN_CONSTANT_CONVERSION = YES;
				CLANG_WARN_DEPRECATED_OBJC_IMPLEMENTATIONS = YES;
				CLANG_WARN_DIRECT_OBJC_ISA_USAGE = YES_ERROR;
				CLANG_WARN_DOCUMENTATION_COMMENTS = YES;
				CLANG_WARN_EMPTY_BODY = YES;
				CLANG_WARN_ENUM_CONVERSION = YES;
				CLANG_WARN_INFINITE_RECURSION = YES;
				CLANG_WARN_INT_CONVERSION = YES;
				CLANG_WARN_NON_LITERAL_NULL_CONVERSION = YES;
				CLANG_WARN_OBJC_IMPLICIT_RETAIN_SELF = YES;
				CLANG_WARN_OBJC_LITERAL_CONVERSION = YES;
				CLANG_WARN_OBJC_ROOT_CLASS = YES_ERROR;
				CLANG_WARN_QUOTED_INCLUDE_IN_FRAMEWORK_HEADER = YES;
				CLANG_WARN_RANGE_LOOP_ANALYSIS = YES;
				CLANG_WARN_STRICT_PROTOTYPES = YES;
				CLANG_WARN_SUSPICIOUS_MOVE = YES;
				CLANG_WARN_UNGUARDED_AVAILABILITY = YES_AGGRESSIVE;
				CLANG_WARN_UNREACHABLE_CODE = YES;
				CLANG_WARN__DUPLICATE_METHOD_MATCH = YES;
				COPY_PHASE_STRIP = NO;
				DEBUG_INFORMATION_FORMAT = dwarf;
				ENABLE_STRICT_OBJC_MSGSEND = YES;
				ENABLE_TESTABILITY = YES;
				ENABLE_USER_SCRIPT_SANDBOXING = YES;
				GCC_C_LANGUAGE_STANDARD = gnu17;
				GCC_DYNAMIC_NO_PIC = NO;
				GCC_NO_COMMON_BLOCKS = YES;
				GCC_OPTIMIZATION_LEVEL = 0;
				GCC_PREPROCESSOR_DEFINITIONS = (
					"DEBUG=1",
					"$(inherited)",
				);
				GCC_WARN_64_TO_32_BIT_CONVERSION = YES;
				GCC_WARN_ABOUT_RETURN_TYPE = YES_ERROR;
				GCC_WARN_UNDECLARED_SELECTOR = YES;
				GCC_WARN_UNINITIALIZED_AUTOS = YES_AGGRESSIVE;
				GCC_WARN_UNUSED_FUNCTION = YES;
				GCC_WARN_UNUSED_VARIABLE = YES;
				IPHONEOS_DEPLOYMENT_TARGET = 13.0;
				LOCALIZATION_PREFERS_STRING_CATALOGS = YES;
				MTL_ENABLE_DEBUG_INFO = INCLUDE_SOURCE;
				MTL_FAST_MATH = YES;
				ONLY_ACTIVE_ARCH = YES;
				SDKROOT = iphoneos;
				SWIFT_ACTIVE_COMPILATION_CONDITIONS = "DEBUG $(inherited)";
				SWIFT_OPTIMIZATION_LEVEL = "-Onone";
			};
			name = Debug;
		};
		FE7D2D4F2CE4F78000962D8E /* Release */ = {
			isa = XCBuildConfiguration;
			buildSettings = {
				ALWAYS_SEARCH_USER_PATHS = NO;
				ASSETCATALOG_COMPILER_GENERATE_SWIFT_ASSET_SYMBOL_EXTENSIONS = YES;
				CLANG_ANALYZER_NONNULL = YES;
				CLANG_ANALYZER_NUMBER_OBJECT_CONVERSION = YES_AGGRESSIVE;
				CLANG_CXX_LANGUAGE_STANDARD = "gnu++20";
				CLANG_ENABLE_MODULES = YES;
				CLANG_ENABLE_OBJC_ARC = YES;
				CLANG_ENABLE_OBJC_WEAK = YES;
				CLANG_WARN_BLOCK_CAPTURE_AUTORELEASING = YES;
				CLANG_WARN_BOOL_CONVERSION = YES;
				CLANG_WARN_COMMA = YES;
				CLANG_WARN_CONSTANT_CONVERSION = YES;
				CLANG_WARN_DEPRECATED_OBJC_IMPLEMENTATIONS = YES;
				CLANG_WARN_DIRECT_OBJC_ISA_USAGE = YES_ERROR;
				CLANG_WARN_DOCUMENTATION_COMMENTS = YES;
				CLANG_WARN_EMPTY_BODY = YES;
				CLANG_WARN_ENUM_CONVERSION = YES;
				CLANG_WARN_INFINITE_RECURSION = YES;
				CLANG_WARN_INT_CONVERSION = YES;
				CLANG_WARN_NON_LITERAL_NULL_CONVERSION = YES;
				CLANG_WARN_OBJC_IMPLICIT_RETAIN_SELF = YES;
				CLANG_WARN_OBJC_LITERAL_CONVERSION = YES;
				CLANG_WARN_OBJC_ROOT_CLASS = YES_ERROR;
				CLANG_WARN_QUOTED_INCLUDE_IN_FRAMEWORK_HEADER = YES;
				CLANG_WARN_RANGE_LOOP_ANALYSIS = YES;
				CLANG_WARN_STRICT_PROTOTYPES = YES;
				CLANG_WARN_SUSPICIOUS_MOVE = YES;
				CLANG_WARN_UNGUARDED_AVAILABILITY = YES_AGGRESSIVE;
				CLANG_WARN_UNREACHABLE_CODE = YES;
				CLANG_WARN__DUPLICATE_METHOD_MATCH = YES;
				COPY_PHASE_STRIP = NO;
				DEBUG_INFORMATION_FORMAT = "dwarf-with-dsym";
				ENABLE_NS_ASSERTIONS = NO;
				ENABLE_STRICT_OBJC_MSGSEND = YES;
				ENABLE_USER_SCRIPT_SANDBOXING = YES;
				GCC_C_LANGUAGE_STANDARD = gnu17;
				GCC_NO_COMMON_BLOCKS = YES;
				GCC_WARN_64_TO_32_BIT_CONVERSION = YES;
				GCC_WARN_ABOUT_RETURN_TYPE = YES_ERROR;
				GCC_WARN_UNDECLARED_SELECTOR = YES;
				GCC_WARN_UNINITIALIZED_AUTOS = YES_AGGRESSIVE;
				GCC_WARN_UNUSED_FUNCTION = YES;
				GCC_WARN_UNUSED_VARIABLE = YES;
				IPHONEOS_DEPLOYMENT_TARGET = 13.0;
				LOCALIZATION_PREFERS_STRING_CATALOGS = YES;
				MTL_ENABLE_DEBUG_INFO = NO;
				MTL_FAST_MATH = YES;
				SDKROOT = iphoneos;
				SWIFT_COMPILATION_MODE = wholemodule;
				VALIDATE_PRODUCT = YES;
			};
			name = Release;
		};
		FE7D2D512CE4F78000962D8E /* Debug */ = {
			isa = XCBuildConfiguration;
			buildSettings = {
				ASSETCATALOG_COMPILER_APPICON_NAME = AppIcon;
				ASSETCATALOG_COMPILER_GLOBAL_ACCENT_COLOR_NAME = AccentColor;
				CODE_SIGN_STYLE = Automatic;
				CURRENT_PROJECT_VERSION = 1;
				DEVELOPMENT_TEAM = 7PWNSSQ7T7;
				GENERATE_INFOPLIST_FILE = YES;
				INFOPLIST_FILE = WishCardMaker/Resources/Info.plist;
				INFOPLIST_KEY_LSApplicationCategoryType = "public.app-category.entertainment";
				INFOPLIST_KEY_UIApplicationSupportsIndirectInputEvents = YES;
				INFOPLIST_KEY_UILaunchStoryboardName = LaunchScreen;
				INFOPLIST_KEY_UIMainStoryboardFile = Main;
				INFOPLIST_KEY_UISupportedInterfaceOrientations = UIInterfaceOrientationPortrait;
				INFOPLIST_KEY_UISupportedInterfaceOrientations_iPad = "UIInterfaceOrientationLandscapeLeft UIInterfaceOrientationLandscapeRight UIInterfaceOrientationPortrait UIInterfaceOrientationPortraitUpsideDown";
				IPHONEOS_DEPLOYMENT_TARGET = 13.0;
				LD_RUNPATH_SEARCH_PATHS = (
					"$(inherited)",
					"@executable_path/Frameworks",
				);
				MARKETING_VERSION = 1.0;
				PRODUCT_BUNDLE_IDENTIFIER = ru.lyubomirovdb.WishCardMaker;
				PRODUCT_NAME = "$(TARGET_NAME)";
				SUPPORTED_PLATFORMS = "iphoneos iphonesimulator";
				SUPPORTS_MACCATALYST = NO;
				SUPPORTS_MAC_DESIGNED_FOR_IPHONE_IPAD = NO;
				SUPPORTS_XR_DESIGNED_FOR_IPHONE_IPAD = NO;
				SWIFT_EMIT_LOC_STRINGS = YES;
				SWIFT_VERSION = 5.0;
				TARGETED_DEVICE_FAMILY = 1;
			};
			name = Debug;
		};
		FE7D2D522CE4F78000962D8E /* Release */ = {
			isa = XCBuildConfiguration;
			buildSettings = {
				ASSETCATALOG_COMPILER_APPICON_NAME = AppIcon;
				ASSETCATALOG_COMPILER_GLOBAL_ACCENT_COLOR_NAME = AccentColor;
				CODE_SIGN_STYLE = Automatic;
				CURRENT_PROJECT_VERSION = 1;
				DEVELOPMENT_TEAM = 7PWNSSQ7T7;
				GENERATE_INFOPLIST_FILE = YES;
				INFOPLIST_FILE = WishCardMaker/Resources/Info.plist;
				INFOPLIST_KEY_LSApplicationCategoryType = "public.app-category.entertainment";
				INFOPLIST_KEY_UIApplicationSupportsIndirectInputEvents = YES;
				INFOPLIST_KEY_UILaunchStoryboardName = LaunchScreen;
				INFOPLIST_KEY_UIMainStoryboardFile = Main;
				INFOPLIST_KEY_UISupportedInterfaceOrientations = UIInterfaceOrientationPortrait;
				INFOPLIST_KEY_UISupportedInterfaceOrientations_iPad = "UIInterfaceOrientationLandscapeLeft UIInterfaceOrientationLandscapeRight UIInterfaceOrientationPortrait UIInterfaceOrientationPortraitUpsideDown";
				IPHONEOS_DEPLOYMENT_TARGET = 13.0;
				LD_RUNPATH_SEARCH_PATHS = (
					"$(inherited)",
					"@executable_path/Frameworks",
				);
				MARKETING_VERSION = 1.0;
				PRODUCT_BUNDLE_IDENTIFIER = ru.lyubomirovdb.WishCardMaker;
				PRODUCT_NAME = "$(TARGET_NAME)";
				SUPPORTED_PLATFORMS = "iphoneos iphonesimulator";
				SUPPORTS_MACCATALYST = NO;
				SUPPORTS_MAC_DESIGNED_FOR_IPHONE_IPAD = NO;
				SUPPORTS_XR_DESIGNED_FOR_IPHONE_IPAD = NO;
				SWIFT_EMIT_LOC_STRINGS = YES;
				SWIFT_VERSION = 5.0;
				TARGETED_DEVICE_FAMILY = 1;
			};
			name = Release;
		};
/* End XCBuildConfiguration section */

/* Begin XCConfigurationList section */
		FE7D2D372CE4F77A00962D8E /* Build configuration list for PBXProject "WishCardMaker" */ = {
			isa = XCConfigurationList;
			buildConfigurations = (
				FE7D2D4E2CE4F78000962D8E /* Debug */,
				FE7D2D4F2CE4F78000962D8E /* Release */,
			);
			defaultConfigurationIsVisible = 0;
			defaultConfigurationName = Release;
		};
		FE7D2D502CE4F78000962D8E /* Build configuration list for PBXNativeTarget "WishCardMaker" */ = {
			isa = XCConfigurationList;
			buildConfigurations = (
				FE7D2D512CE4F78000962D8E /* Debug */,
				FE7D2D522CE4F78000962D8E /* Release */,
			);
			defaultConfigurationIsVisible = 0;
			defaultConfigurationName = Release;
		};
/* End XCConfigurationList section */
	};
	rootObject = FE7D2D342CE4F77A00962D8E /* Project object */;
}
